
Microsoft Visual Studio Solution File, Format Version 12.00
# Visual Studio 2013
VisualStudioVersion = 12.0.31101.0
MinimumVisualStudioVersion = 10.0.40219.1
Project("{FAE04EC0-301F-11D3-BF4B-00C04F79EFBC}") = "Factory", "Src\Factory.csproj", "{78787F14-DCF3-411E-81A9-A581A80A371A}"
EndProject
Project("{FAE04EC0-301F-11D3-BF4B-00C04F79EFBC}") = "Factory.Tests", "Tests\Factory.Tests.csproj", "{766DBD81-CDA7-4B7F-A045-29A8A2D96029}"
EndProject
Project("{2150E333-8FDC-42A3-9474-1A3956D46DE8}") = "Examples", "Examples", "{654C997A-2B26-4BFE-9B08-AC484A05DC37}"
EndProject
Project("{FAE04EC0-301F-11D3-BF4B-00C04F79EFBC}") = "Example1", "examples\Example1\Example1.csproj", "{EE0308C9-5E48-4385-896B-9CC07804B25D}"
EndProject
Project("{FAE04EC0-301F-11D3-BF4B-00C04F79EFBC}") = "Example3", "examples\Example3\Example3.csproj", "{AF511F2A-F5D9-4E09-8F1C-F000AC2D2249}"
EndProject
Project("{FAE04EC0-301F-11D3-BF4B-00C04F79EFBC}") = "Example2", "examples\Example2\Example2.csproj", "{BD723A82-9704-4D65-9349-2687A05B2BCE}"
EndProject
Project("{FAE04EC0-301F-11D3-BF4B-00C04F79EFBC}") = "Example4", "examples\Example4\Example4.csproj", "{DE0E60C9-A9BA-473E-8529-CF187CDBF6ED}"
EndProject
Project("{FAE04EC0-301F-11D3-BF4B-00C04F79EFBC}") = "Example5", "examples\Example5\Example5.csproj", "{547B8072-F4F1-4D55-8DFA-ABB0FDF9E3F1}"
EndProject
Project("{FAE04EC0-301F-11D3-BF4B-00C04F79EFBC}") = "Example6", "examples\Example6\Example6.csproj", "{47BA4B95-350A-467F-9361-6CD800DC7130}"
EndProject
Project("{FAE04EC0-301F-11D3-BF4B-00C04F79EFBC}") = "Example7", "examples\Example7\Example7.csproj", "{E6A8FBEA-4E2D-4B1F-B5D0-657952EFD11B}"
EndProject
Project("{FAE04EC0-301F-11D3-BF4B-00C04F79EFBC}") = "Example8", "examples\Example8\Example8.csproj", "{4828BE7C-13E4-4A4F-97DD-AAB9B91ED447}"
EndProject
Global
	GlobalSection(SolutionConfigurationPlatforms) = preSolution
		Debug|Any CPU = Debug|Any CPU
		Release|Any CPU = Release|Any CPU
	EndGlobalSection
	GlobalSection(ProjectConfigurationPlatforms) = postSolution
		{78787F14-DCF3-411E-81A9-A581A80A371A}.Debug|Any CPU.ActiveCfg = Debug|Any CPU
		{78787F14-DCF3-411E-81A9-A581A80A371A}.Debug|Any CPU.Build.0 = Debug|Any CPU
		{78787F14-DCF3-411E-81A9-A581A80A371A}.Release|Any CPU.ActiveCfg = Release|Any CPU
		{78787F14-DCF3-411E-81A9-A581A80A371A}.Release|Any CPU.Build.0 = Release|Any CPU
		{766DBD81-CDA7-4B7F-A045-29A8A2D96029}.Debug|Any CPU.ActiveCfg = Debug|Any CPU
		{766DBD81-CDA7-4B7F-A045-29A8A2D96029}.Debug|Any CPU.Build.0 = Debug|Any CPU
		{766DBD81-CDA7-4B7F-A045-29A8A2D96029}.Release|Any CPU.ActiveCfg = Release|Any CPU
		{766DBD81-CDA7-4B7F-A045-29A8A2D96029}.Release|Any CPU.Build.0 = Release|Any CPU
		{EE0308C9-5E48-4385-896B-9CC07804B25D}.Debug|Any CPU.ActiveCfg = Debug|Any CPU
		{EE0308C9-5E48-4385-896B-9CC07804B25D}.Debug|Any CPU.Build.0 = Debug|Any CPU
		{EE0308C9-5E48-4385-896B-9CC07804B25D}.Release|Any CPU.ActiveCfg = Release|Any CPU
		{EE0308C9-5E48-4385-896B-9CC07804B25D}.Release|Any CPU.Build.0 = Release|Any CPU
		{AF511F2A-F5D9-4E09-8F1C-F000AC2D2249}.Debug|Any CPU.ActiveCfg = Debug|Any CPU
		{AF511F2A-F5D9-4E09-8F1C-F000AC2D2249}.Debug|Any CPU.Build.0 = Debug|Any CPU
		{AF511F2A-F5D9-4E09-8F1C-F000AC2D2249}.Release|Any CPU.ActiveCfg = Release|Any CPU
		{AF511F2A-F5D9-4E09-8F1C-F000AC2D2249}.Release|Any CPU.Build.0 = Release|Any CPU
		{BD723A82-9704-4D65-9349-2687A05B2BCE}.Debug|Any CPU.ActiveCfg = Debug|Any CPU
		{BD723A82-9704-4D65-9349-2687A05B2BCE}.Debug|Any CPU.Build.0 = Debug|Any CPU
		{BD723A82-9704-4D65-9349-2687A05B2BCE}.Release|Any CPU.ActiveCfg = Release|Any CPU
		{BD723A82-9704-4D65-9349-2687A05B2BCE}.Release|Any CPU.Build.0 = Release|Any CPU
		{DE0E60C9-A9BA-473E-8529-CF187CDBF6ED}.Debug|Any CPU.ActiveCfg = Debug|Any CPU
		{DE0E60C9-A9BA-473E-8529-CF187CDBF6ED}.Debug|Any CPU.Build.0 = Debug|Any CPU
		{DE0E60C9-A9BA-473E-8529-CF187CDBF6ED}.Release|Any CPU.ActiveCfg = Release|Any CPU
		{DE0E60C9-A9BA-473E-8529-CF187CDBF6ED}.Release|Any CPU.Build.0 = Release|Any CPU
		{547B8072-F4F1-4D55-8DFA-ABB0FDF9E3F1}.Debug|Any CPU.ActiveCfg = Debug|Any CPU
		{547B8072-F4F1-4D55-8DFA-ABB0FDF9E3F1}.Debug|Any CPU.Build.0 = Debug|Any CPU
		{547B8072-F4F1-4D55-8DFA-ABB0FDF9E3F1}.Release|Any CPU.ActiveCfg = Release|Any CPU
		{547B8072-F4F1-4D55-8DFA-ABB0FDF9E3F1}.Release|Any CPU.Build.0 = Release|Any CPU
		{47BA4B95-350A-467F-9361-6CD800DC7130}.Debug|Any CPU.ActiveCfg = Debug|Any CPU
		{47BA4B95-350A-467F-9361-6CD800DC7130}.Debug|Any CPU.Build.0 = Debug|Any CPU
		{47BA4B95-350A-467F-9361-6CD800DC7130}.Release|Any CPU.ActiveCfg = Release|Any CPU
		{47BA4B95-350A-467F-9361-6CD800DC7130}.Release|Any CPU.Build.0 = Release|Any CPU
		{E6A8FBEA-4E2D-4B1F-B5D0-657952EFD11B}.Debug|Any CPU.ActiveCfg = Debug|Any CPU
		{E6A8FBEA-4E2D-4B1F-B5D0-657952EFD11B}.Debug|Any CPU.Build.0 = Debug|Any CPU
		{E6A8FBEA-4E2D-4B1F-B5D0-657952EFD11B}.Release|Any CPU.ActiveCfg = Release|Any CPU
		{E6A8FBEA-4E2D-4B1F-B5D0-657952EFD11B}.Release|Any CPU.Build.0 = Release|Any CPU
		{4828BE7C-13E4-4A4F-97DD-AAB9B91ED447}.Debug|Any CPU.ActiveCfg = Debug|Any CPU
		{4828BE7C-13E4-4A4F-97DD-AAB9B91ED447}.Debug|Any CPU.Build.0 = Debug|Any CPU
		{4828BE7C-13E4-4A4F-97DD-AAB9B91ED447}.Release|Any CPU.ActiveCfg = Release|Any CPU
		{4828BE7C-13E4-4A4F-97DD-AAB9B91ED447}.Release|Any CPU.Build.0 = Release|Any CPU
	EndGlobalSection
	GlobalSection(SolutionProperties) = preSolution
		HideSolutionNode = FALSE
	EndGlobalSection
	GlobalSection(NestedProjects) = preSolution
		{EE0308C9-5E48-4385-896B-9CC07804B25D} = {654C997A-2B26-4BFE-9B08-AC484A05DC37}
		{AF511F2A-F5D9-4E09-8F1C-F000AC2D2249} = {654C997A-2B26-4BFE-9B08-AC484A05DC37}
		{BD723A82-9704-4D65-9349-2687A05B2BCE} = {654C997A-2B26-4BFE-9B08-AC484A05DC37}
		{DE0E60C9-A9BA-473E-8529-CF187CDBF6ED} = {654C997A-2B26-4BFE-9B08-AC484A05DC37}
		{547B8072-F4F1-4D55-8DFA-ABB0FDF9E3F1} = {654C997A-2B26-4BFE-9B08-AC484A05DC37}
		{47BA4B95-350A-467F-9361-6CD800DC7130} = {654C997A-2B26-4BFE-9B08-AC484A05DC37}
		{E6A8FBEA-4E2D-4B1F-B5D0-657952EFD11B} = {654C997A-2B26-4BFE-9B08-AC484A05DC37}
		{4828BE7C-13E4-4A4F-97DD-AAB9B91ED447} = {654C997A-2B26-4BFE-9B08-AC484A05DC37}
	EndGlobalSection
EndGlobal
