
Microsoft Visual Studio Solution File, Format Version 12.00
# Visual Studio 2013
VisualStudioVersion = 12.0.31101.0
MinimumVisualStudioVersion = 10.0.40219.1
Project("{FAE04EC0-301F-11D3-BF4B-00C04F79EFBC}") = "Factory", "Src\Factory.csproj", "{78787F14-DCF3-411E-81A9-A581A80A371A}"
EndProject
Project("{FAE04EC0-301F-11D3-BF4B-00C04F79EFBC}") = "Factory.Tests", "Tests\Factory.Tests.csproj", "{766DBD81-CDA7-4B7F-A045-29A8A2D96029}"
EndProject
Global
	GlobalSection(SolutionConfigurationPlatforms) = preSolution
		Debug|Any CPU = Debug|Any CPU
		Release|Any CPU = Release|Any CPU
	EndGlobalSection
	GlobalSection(ProjectConfigurationPlatforms) = postSolution
		{78787F14-DCF3-411E-81A9-A581A80A371A}.Debug|Any CPU.ActiveCfg = Debug|Any CPU
		{78787F14-DCF3-411E-81A9-A581A80A371A}.Debug|Any CPU.Build.0 = Debug|Any CPU
		{78787F14-DCF3-411E-81A9-A581A80A371A}.Release|Any CPU.ActiveCfg = Release|Any CPU
		{78787F14-DCF3-411E-81A9-A581A80A371A}.Release|Any CPU.Build.0 = Release|Any CPU
		{766DBD81-CDA7-4B7F-A045-29A8A2D96029}.Debug|Any CPU.ActiveCfg = Debug|Any CPU
		{766DBD81-CDA7-4B7F-A045-29A8A2D96029}.Debug|Any CPU.Build.0 = Debug|Any CPU
		{766DBD81-CDA7-4B7F-A045-29A8A2D96029}.Release|Any CPU.ActiveCfg = Release|Any CPU
		{766DBD81-CDA7-4B7F-A045-29A8A2D96029}.Release|Any CPU.Build.0 = Release|Any CPU
	EndGlobalSection
	GlobalSection(SolutionProperties) = preSolution
		HideSolutionNode = FALSE
	EndGlobalSection
EndGlobal
